// !$*UTF8*$!
{
	archiveVersion = 1;
	classes = {
	};
	objectVersion = 46;
	objects = {

/* Begin PBXBuildFile section */
		93055F991AFC94EF003851E0 /* UIView+changeAnchor.m in Sources */ = {isa = PBXBuildFile; fileRef = 93055F981AFC94EF003851E0 /* UIView+changeAnchor.m */; };
		930AE4461AEF4DB500BA9B51 /* UITableView+pageDisplay.m in Sources */ = {isa = PBXBuildFile; fileRef = 930AE4451AEF4DB500BA9B51 /* UITableView+pageDisplay.m */; };
		93349A821AF6596000387A1D /* PHHPageControlModel.m in Sources */ = {isa = PBXBuildFile; fileRef = 93349A811AF6596000387A1D /* PHHPageControlModel.m */; };
		93666D161B18F5260071B922 /* PLLVCConverAnimatedDelegate.m in Sources */ = {isa = PBXBuildFile; fileRef = 93666D151B18F5260071B922 /* PLLVCConverAnimatedDelegate.m */; };
		93A40FDE1B119AAA0002F24A /* PLLPushHandlerManager.m in Sources */ = {isa = PBXBuildFile; fileRef = 93A40FDC1B119AAA0002F24A /* PLLPushHandlerManager.m */; };
		93A40FE91B11A75B0002F24A /* PLLPushHandlerWindow.xib in Resources */ = {isa = PBXBuildFile; fileRef = 93A40FE81B11A75B0002F24A /* PLLPushHandlerWindow.xib */; };
		93C8795C1AB8135200530718 /* main.m in Sources */ = {isa = PBXBuildFile; fileRef = 93C8795B1AB8135200530718 /* main.m */; };
		93C8795F1AB8135200530718 /* AppDelegate.m in Sources */ = {isa = PBXBuildFile; fileRef = 93C8795E1AB8135200530718 /* AppDelegate.m */; };
		93C879621AB8135200530718 /* ViewController.m in Sources */ = {isa = PBXBuildFile; fileRef = 93C879611AB8135200530718 /* ViewController.m */; };
		93C879651AB8135200530718 /* Main.storyboard in Resources */ = {isa = PBXBuildFile; fileRef = 93C879631AB8135200530718 /* Main.storyboard */; };
		93C879671AB8135200530718 /* Images.xcassets in Resources */ = {isa = PBXBuildFile; fileRef = 93C879661AB8135200530718 /* Images.xcassets */; };
		93C8796A1AB8135200530718 /* LaunchScreen.xib in Resources */ = {isa = PBXBuildFile; fileRef = 93C879681AB8135200530718 /* LaunchScreen.xib */; };
		93C879761AB8135200530718 /* PLUnitTests.m in Sources */ = {isa = PBXBuildFile; fileRef = 93C879751AB8135200530718 /* PLUnitTests.m */; };
		93C879851AB8144800530718 /* NSObject+Reflection.m in Sources */ = {isa = PBXBuildFile; fileRef = 93C879841AB8144800530718 /* NSObject+Reflection.m */; };
		93C879921AB8144F00530718 /* PLLCircleImageView.m in Sources */ = {isa = PBXBuildFile; fileRef = 93C879881AB8144F00530718 /* PLLCircleImageView.m */; };
		93C879931AB8144F00530718 /* PLLCircleProgressView.m in Sources */ = {isa = PBXBuildFile; fileRef = 93C8798B1AB8144F00530718 /* PLLCircleProgressView.m */; };
		93C879941AB8144F00530718 /* PLPageScrollView.m in Sources */ = {isa = PBXBuildFile; fileRef = 93C8798E1AB8144F00530718 /* PLPageScrollView.m */; };
		93C879951AB8144F00530718 /* PLWelcomeVC.m in Sources */ = {isa = PBXBuildFile; fileRef = 93C879911AB8144F00530718 /* PLWelcomeVC.m */; };
		93D738181AD54E5800352D51 /* NSString+MD5.m in Sources */ = {isa = PBXBuildFile; fileRef = 93D738151AD54E5800352D51 /* NSString+MD5.m */; };
		93D738191AD54E5800352D51 /* NSString+SHA.m in Sources */ = {isa = PBXBuildFile; fileRef = 93D738171AD54E5800352D51 /* NSString+SHA.m */; };
		93FA22161AD3D35B00E23960 /* UIImage+WattImageFromUIColor.m in Sources */ = {isa = PBXBuildFile; fileRef = 93FA22151AD3D35B00E23960 /* UIImage+WattImageFromUIColor.m */; };
		93FA22191AD3D39F00E23960 /* UIView+ScreenShot.m in Sources */ = {isa = PBXBuildFile; fileRef = 93FA22181AD3D39F00E23960 /* UIView+ScreenShot.m */; };
		93FA221D1AD3D3E500E23960 /* UIView+frameHelper.m in Sources */ = {isa = PBXBuildFile; fileRef = 93FA221C1AD3D3E500E23960 /* UIView+frameHelper.m */; };
/* End PBXBuildFile section */

/* Begin PBXContainerItemProxy section */
		93C879701AB8135200530718 /* PBXContainerItemProxy */ = {
			isa = PBXContainerItemProxy;
			containerPortal = 93C8794E1AB8135200530718 /* Project object */;
			proxyType = 1;
			remoteGlobalIDString = 93C879551AB8135200530718;
			remoteInfo = PLUnit;
		};
/* End PBXContainerItemProxy section */

/* Begin PBXFileReference section */
		93055F971AFC94EF003851E0 /* UIView+changeAnchor.h */ = {isa = PBXFileReference; fileEncoding = 4; lastKnownFileType = sourcecode.c.h; path = "UIView+changeAnchor.h"; sourceTree = "<group>"; };
		93055F981AFC94EF003851E0 /* UIView+changeAnchor.m */ = {isa = PBXFileReference; fileEncoding = 4; lastKnownFileType = sourcecode.c.objc; path = "UIView+changeAnchor.m"; sourceTree = "<group>"; };
		930AE4441AEF4DB500BA9B51 /* UITableView+pageDisplay.h */ = {isa = PBXFileReference; fileEncoding = 4; lastKnownFileType = sourcecode.c.h; name = "UITableView+pageDisplay.h"; path = "category/UITableView/UITableView+pageDisplay.h"; sourceTree = SOURCE_ROOT; };
		930AE4451AEF4DB500BA9B51 /* UITableView+pageDisplay.m */ = {isa = PBXFileReference; fileEncoding = 4; lastKnownFileType = sourcecode.c.objc; name = "UITableView+pageDisplay.m"; path = "category/UITableView/UITableView+pageDisplay.m"; sourceTree = SOURCE_ROOT; };
		93349A801AF6596000387A1D /* PHHPageControlModel.h */ = {isa = PBXFileReference; fileEncoding = 4; lastKnownFileType = sourcecode.c.h; name = PHHPageControlModel.h; path = unit/pageControl/PHHPageControlModel.h; sourceTree = SOURCE_ROOT; };
		93349A811AF6596000387A1D /* PHHPageControlModel.m */ = {isa = PBXFileReference; fileEncoding = 4; lastKnownFileType = sourcecode.c.objc; name = PHHPageControlModel.m; path = unit/pageControl/PHHPageControlModel.m; sourceTree = SOURCE_ROOT; };
		93666D141B18F5260071B922 /* PLLVCConverAnimatedDelegate.h */ = {isa = PBXFileReference; fileEncoding = 4; lastKnownFileType = sourcecode.c.h; name = PLLVCConverAnimatedDelegate.h; path = unit/PLLVCConverAnimatedDelegate/PLLVCConverAnimatedDelegate.h; sourceTree = SOURCE_ROOT; };
		93666D151B18F5260071B922 /* PLLVCConverAnimatedDelegate.m */ = {isa = PBXFileReference; fileEncoding = 4; lastKnownFileType = sourcecode.c.objc; name = PLLVCConverAnimatedDelegate.m; path = unit/PLLVCConverAnimatedDelegate/PLLVCConverAnimatedDelegate.m; sourceTree = SOURCE_ROOT; };
		93A40FDB1B119AAA0002F24A /* PLLPushHandlerManager.h */ = {isa = PBXFileReference; fileEncoding = 4; lastKnownFileType = sourcecode.c.h; name = PLLPushHandlerManager.h; path = view/PLLPushHandlerWindow/PLLPushHandlerManager.h; sourceTree = SOURCE_ROOT; };
		93A40FDC1B119AAA0002F24A /* PLLPushHandlerManager.m */ = {isa = PBXFileReference; fileEncoding = 4; lastKnownFileType = sourcecode.c.objc; name = PLLPushHandlerManager.m; path = view/PLLPushHandlerWindow/PLLPushHandlerManager.m; sourceTree = SOURCE_ROOT; };
		93A40FE81B11A75B0002F24A /* PLLPushHandlerWindow.xib */ = {isa = PBXFileReference; fileEncoding = 4; lastKnownFileType = file.xib; name = PLLPushHandlerWindow.xib; path = view/PLLPushHandlerWindow/PLLPushHandlerWindow.xib; sourceTree = SOURCE_ROOT; };
		93C879561AB8135200530718 /* PLUnit.app */ = {isa = PBXFileReference; explicitFileType = wrapper.application; includeInIndex = 0; path = PLUnit.app; sourceTree = BUILT_PRODUCTS_DIR; };
		93C8795A1AB8135200530718 /* Info.plist */ = {isa = PBXFileReference; lastKnownFileType = text.plist.xml; path = Info.plist; sourceTree = "<group>"; };
		93C8795B1AB8135200530718 /* main.m */ = {isa = PBXFileReference; lastKnownFileType = sourcecode.c.objc; path = main.m; sourceTree = "<group>"; };
		93C8795D1AB8135200530718 /* AppDelegate.h */ = {isa = PBXFileReference; lastKnownFileType = sourcecode.c.h; path = AppDelegate.h; sourceTree = "<group>"; };
		93C8795E1AB8135200530718 /* AppDelegate.m */ = {isa = PBXFileReference; lastKnownFileType = sourcecode.c.objc; path = AppDelegate.m; sourceTree = "<group>"; };
		93C879601AB8135200530718 /* ViewController.h */ = {isa = PBXFileReference; lastKnownFileType = sourcecode.c.h; path = ViewController.h; sourceTree = "<group>"; };
		93C879611AB8135200530718 /* ViewController.m */ = {isa = PBXFileReference; lastKnownFileType = sourcecode.c.objc; path = ViewController.m; sourceTree = "<group>"; };
		93C879641AB8135200530718 /* Base */ = {isa = PBXFileReference; lastKnownFileType = file.storyboard; name = Base; path = Base.lproj/Main.storyboard; sourceTree = "<group>"; };
		93C879661AB8135200530718 /* Images.xcassets */ = {isa = PBXFileReference; lastKnownFileType = folder.assetcatalog; path = Images.xcassets; sourceTree = "<group>"; };
		93C879691AB8135200530718 /* Base */ = {isa = PBXFileReference; lastKnownFileType = file.xib; name = Base; path = Base.lproj/LaunchScreen.xib; sourceTree = "<group>"; };
		93C8796F1AB8135200530718 /* PLUnitTests.xctest */ = {isa = PBXFileReference; explicitFileType = wrapper.cfbundle; includeInIndex = 0; path = PLUnitTests.xctest; sourceTree = BUILT_PRODUCTS_DIR; };
		93C879741AB8135200530718 /* Info.plist */ = {isa = PBXFileReference; lastKnownFileType = text.plist.xml; path = Info.plist; sourceTree = "<group>"; };
		93C879751AB8135200530718 /* PLUnitTests.m */ = {isa = PBXFileReference; lastKnownFileType = sourcecode.c.objc; path = PLUnitTests.m; sourceTree = "<group>"; };
		93C879831AB8144800530718 /* NSObject+Reflection.h */ = {isa = PBXFileReference; fileEncoding = 4; lastKnownFileType = sourcecode.c.h; path = "NSObject+Reflection.h"; sourceTree = "<group>"; };
		93C879841AB8144800530718 /* NSObject+Reflection.m */ = {isa = PBXFileReference; fileEncoding = 4; lastKnownFileType = sourcecode.c.objc; path = "NSObject+Reflection.m"; sourceTree = "<group>"; };
		93C879871AB8144F00530718 /* PLLCircleImageView.h */ = {isa = PBXFileReference; fileEncoding = 4; lastKnownFileType = sourcecode.c.h; path = PLLCircleImageView.h; sourceTree = "<group>"; };
		93C879881AB8144F00530718 /* PLLCircleImageView.m */ = {isa = PBXFileReference; fileEncoding = 4; lastKnownFileType = sourcecode.c.objc; path = PLLCircleImageView.m; sourceTree = "<group>"; };
		93C8798A1AB8144F00530718 /* PLLCircleProgressView.h */ = {isa = PBXFileReference; fileEncoding = 4; lastKnownFileType = sourcecode.c.h; path = PLLCircleProgressView.h; sourceTree = "<group>"; };
		93C8798B1AB8144F00530718 /* PLLCircleProgressView.m */ = {isa = PBXFileReference; fileEncoding = 4; lastKnownFileType = sourcecode.c.objc; path = PLLCircleProgressView.m; sourceTree = "<group>"; };
		93C8798D1AB8144F00530718 /* PLPageScrollView.h */ = {isa = PBXFileReference; fileEncoding = 4; lastKnownFileType = sourcecode.c.h; path = PLPageScrollView.h; sourceTree = "<group>"; };
		93C8798E1AB8144F00530718 /* PLPageScrollView.m */ = {isa = PBXFileReference; fileEncoding = 4; lastKnownFileType = sourcecode.c.objc; path = PLPageScrollView.m; sourceTree = "<group>"; };
		93C879901AB8144F00530718 /* PLWelcomeVC.h */ = {isa = PBXFileReference; fileEncoding = 4; lastKnownFileType = sourcecode.c.h; path = PLWelcomeVC.h; sourceTree = "<group>"; };
		93C879911AB8144F00530718 /* PLWelcomeVC.m */ = {isa = PBXFileReference; fileEncoding = 4; lastKnownFileType = sourcecode.c.objc; path = PLWelcomeVC.m; sourceTree = "<group>"; };
		93D738141AD54E5800352D51 /* NSString+MD5.h */ = {isa = PBXFileReference; fileEncoding = 4; lastKnownFileType = sourcecode.c.h; name = "NSString+MD5.h"; path = "category/NSString/NSString+MD5.h"; sourceTree = SOURCE_ROOT; };
		93D738151AD54E5800352D51 /* NSString+MD5.m */ = {isa = PBXFileReference; fileEncoding = 4; lastKnownFileType = sourcecode.c.objc; name = "NSString+MD5.m"; path = "category/NSString/NSString+MD5.m"; sourceTree = SOURCE_ROOT; };
		93D738161AD54E5800352D51 /* NSString+SHA.h */ = {isa = PBXFileReference; fileEncoding = 4; lastKnownFileType = sourcecode.c.h; name = "NSString+SHA.h"; path = "category/NSString/NSString+SHA.h"; sourceTree = SOURCE_ROOT; };
		93D738171AD54E5800352D51 /* NSString+SHA.m */ = {isa = PBXFileReference; fileEncoding = 4; lastKnownFileType = sourcecode.c.objc; name = "NSString+SHA.m"; path = "category/NSString/NSString+SHA.m"; sourceTree = SOURCE_ROOT; };
		93FA22141AD3D35B00E23960 /* UIImage+WattImageFromUIColor.h */ = {isa = PBXFileReference; fileEncoding = 4; lastKnownFileType = sourcecode.c.h; path = "UIImage+WattImageFromUIColor.h"; sourceTree = "<group>"; };
		93FA22151AD3D35B00E23960 /* UIImage+WattImageFromUIColor.m */ = {isa = PBXFileReference; fileEncoding = 4; lastKnownFileType = sourcecode.c.objc; path = "UIImage+WattImageFromUIColor.m"; sourceTree = "<group>"; };
		93FA22171AD3D39F00E23960 /* UIView+ScreenShot.h */ = {isa = PBXFileReference; fileEncoding = 4; lastKnownFileType = sourcecode.c.h; name = "UIView+ScreenShot.h"; path = "category/UIView/UIView+ScreenShot.h"; sourceTree = SOURCE_ROOT; };
		93FA22181AD3D39F00E23960 /* UIView+ScreenShot.m */ = {isa = PBXFileReference; fileEncoding = 4; lastKnownFileType = sourcecode.c.objc; name = "UIView+ScreenShot.m"; path = "category/UIView/UIView+ScreenShot.m"; sourceTree = SOURCE_ROOT; };
		93FA221B1AD3D3E500E23960 /* UIView+frameHelper.h */ = {isa = PBXFileReference; fileEncoding = 4; lastKnownFileType = sourcecode.c.h; name = "UIView+frameHelper.h"; path = "category/UIView/UIView+frameHelper.h"; sourceTree = SOURCE_ROOT; };
		93FA221C1AD3D3E500E23960 /* UIView+frameHelper.m */ = {isa = PBXFileReference; fileEncoding = 4; lastKnownFileType = sourcecode.c.objc; name = "UIView+frameHelper.m"; path = "category/UIView/UIView+frameHelper.m"; sourceTree = SOURCE_ROOT; };
/* End PBXFileReference section */

/* Begin PBXFrameworksBuildPhase section */
		93C879531AB8135200530718 /* Frameworks */ = {
			isa = PBXFrameworksBuildPhase;
			buildActionMask = 2147483647;
			files = (
			);
			runOnlyForDeploymentPostprocessing = 0;
		};
		93C8796C1AB8135200530718 /* Frameworks */ = {
			isa = PBXFrameworksBuildPhase;
			buildActionMask = 2147483647;
			files = (
			);
			runOnlyForDeploymentPostprocessing = 0;
		};
/* End PBXFrameworksBuildPhase section */

/* Begin PBXGroup section */
		930AE4431AEF4DA100BA9B51 /* UITableView */ = {
			isa = PBXGroup;
			children = (
				930AE4441AEF4DB500BA9B51 /* UITableView+pageDisplay.h */,
				930AE4451AEF4DB500BA9B51 /* UITableView+pageDisplay.m */,
			);
			name = UITableView;
			sourceTree = "<group>";
		};
		93349A7F1AF6595600387A1D /* pageModel */ = {
			isa = PBXGroup;
			children = (
				93349A801AF6596000387A1D /* PHHPageControlModel.h */,
				93349A811AF6596000387A1D /* PHHPageControlModel.m */,
			);
			name = pageModel;
			sourceTree = "<group>";
		};
		93666D131B18F5010071B922 /* unit */ = {
			isa = PBXGroup;
			children = (
				93666D141B18F5260071B922 /* PLLVCConverAnimatedDelegate.h */,
				93666D151B18F5260071B922 /* PLLVCConverAnimatedDelegate.m */,
			);
			name = unit;
			sourceTree = "<group>";
		};
		93A40FD51B1199B00002F24A /* PLLPushHandlerWindow */ = {
			isa = PBXGroup;
			children = (
				93A40FE81B11A75B0002F24A /* PLLPushHandlerWindow.xib */,
				93A40FDB1B119AAA0002F24A /* PLLPushHandlerManager.h */,
				93A40FDC1B119AAA0002F24A /* PLLPushHandlerManager.m */,
			);
			name = PLLPushHandlerWindow;
			sourceTree = "<group>";
		};
		93C8794D1AB8135200530718 = {
			isa = PBXGroup;
			children = (
				93C879581AB8135200530718 /* PLUnit */,
				93C879721AB8135200530718 /* PLUnitTests */,
				93C879571AB8135200530718 /* Products */,
			);
			sourceTree = "<group>";
		};
		93C879571AB8135200530718 /* Products */ = {
			isa = PBXGroup;
			children = (
				93C879561AB8135200530718 /* PLUnit.app */,
				93C8796F1AB8135200530718 /* PLUnitTests.xctest */,
			);
			name = Products;
			sourceTree = "<group>";
		};
		93C879581AB8135200530718 /* PLUnit */ = {
			isa = PBXGroup;
			children = (
				93666D131B18F5010071B922 /* unit */,
				93FA22101AD3D30700E23960 /* category */,
				93C879801AB8143E00530718 /* unit */,
				93C8797F1AB8135800530718 /* view */,
				93C8795D1AB8135200530718 /* AppDelegate.h */,
				93C8795E1AB8135200530718 /* AppDelegate.m */,
				93C879601AB8135200530718 /* ViewController.h */,
				93C879611AB8135200530718 /* ViewController.m */,
				93C879631AB8135200530718 /* Main.storyboard */,
				93C879661AB8135200530718 /* Images.xcassets */,
				93C879681AB8135200530718 /* LaunchScreen.xib */,
				93C879591AB8135200530718 /* Supporting Files */,
			);
			path = PLUnit;
			sourceTree = "<group>";
		};
		93C879591AB8135200530718 /* Supporting Files */ = {
			isa = PBXGroup;
			children = (
				93C8795A1AB8135200530718 /* Info.plist */,
				93C8795B1AB8135200530718 /* main.m */,
			);
			name = "Supporting Files";
			sourceTree = "<group>";
		};
		93C879721AB8135200530718 /* PLUnitTests */ = {
			isa = PBXGroup;
			children = (
				93C879751AB8135200530718 /* PLUnitTests.m */,
				93C879731AB8135200530718 /* Supporting Files */,
			);
			path = PLUnitTests;
			sourceTree = "<group>";
		};
		93C879731AB8135200530718 /* Supporting Files */ = {
			isa = PBXGroup;
			children = (
				93C879741AB8135200530718 /* Info.plist */,
			);
			name = "Supporting Files";
			sourceTree = "<group>";
		};
		93C8797F1AB8135800530718 /* view */ = {
			isa = PBXGroup;
			children = (
				93A40FD51B1199B00002F24A /* PLLPushHandlerWindow */,
				93C879961AB81E9100530718 /* PLLScreenShot */,
				93C879861AB8144F00530718 /* PLLCircelImageView */,
				93C879891AB8144F00530718 /* PLLCircleProgressView */,
				93C8798C1AB8144F00530718 /* PLPageScrollView */,
				93C8798F1AB8144F00530718 /* PLWelcomeVC */,
			);
			name = view;
			sourceTree = "<group>";
		};
		93C879801AB8143E00530718 /* unit */ = {
			isa = PBXGroup;
			children = (
				93349A7F1AF6595600387A1D /* pageModel */,
				93C879821AB8144800530718 /* reflectionData */,
			);
			name = unit;
			sourceTree = "<group>";
		};
		93C879821AB8144800530718 /* reflectionData */ = {
			isa = PBXGroup;
			children = (
				93C879831AB8144800530718 /* NSObject+Reflection.h */,
				93C879841AB8144800530718 /* NSObject+Reflection.m */,
			);
			path = reflectionData;
			sourceTree = "<group>";
		};
		93C879861AB8144F00530718 /* PLLCircelImageView */ = {
			isa = PBXGroup;
			children = (
				93C879871AB8144F00530718 /* PLLCircleImageView.h */,
				93C879881AB8144F00530718 /* PLLCircleImageView.m */,
			);
			path = PLLCircelImageView;
			sourceTree = "<group>";
		};
		93C879891AB8144F00530718 /* PLLCircleProgressView */ = {
			isa = PBXGroup;
			children = (
				93C8798A1AB8144F00530718 /* PLLCircleProgressView.h */,
				93C8798B1AB8144F00530718 /* PLLCircleProgressView.m */,
			);
			path = PLLCircleProgressView;
			sourceTree = "<group>";
		};
		93C8798C1AB8144F00530718 /* PLPageScrollView */ = {
			isa = PBXGroup;
			children = (
				93C8798D1AB8144F00530718 /* PLPageScrollView.h */,
				93C8798E1AB8144F00530718 /* PLPageScrollView.m */,
			);
			path = PLPageScrollView;
			sourceTree = "<group>";
		};
		93C8798F1AB8144F00530718 /* PLWelcomeVC */ = {
			isa = PBXGroup;
			children = (
				93C879901AB8144F00530718 /* PLWelcomeVC.h */,
				93C879911AB8144F00530718 /* PLWelcomeVC.m */,
			);
			path = PLWelcomeVC;
			sourceTree = "<group>";
		};
		93C879961AB81E9100530718 /* PLLScreenShot */ = {
			isa = PBXGroup;
			children = (
			);
			name = PLLScreenShot;
			sourceTree = "<group>";
		};
		93D738131AD54E4C00352D51 /* NSString */ = {
			isa = PBXGroup;
			children = (
				93D738141AD54E5800352D51 /* NSString+MD5.h */,
				93D738151AD54E5800352D51 /* NSString+MD5.m */,
				93D738161AD54E5800352D51 /* NSString+SHA.h */,
				93D738171AD54E5800352D51 /* NSString+SHA.m */,
			);
			name = NSString;
			sourceTree = "<group>";
		};
		93F13B821ACFEBAC000DA503 /* UIImage */ = {
			isa = PBXGroup;
			children = (
				93FA22141AD3D35B00E23960 /* UIImage+WattImageFromUIColor.h */,
				93FA22151AD3D35B00E23960 /* UIImage+WattImageFromUIColor.m */,
			);
			name = UIImage;
			sourceTree = "<group>";
		};
		93FA220F1AD3D2F000E23960 /* UIView */ = {
			isa = PBXGroup;
			children = (
				93055F971AFC94EF003851E0 /* UIView+changeAnchor.h */,
				93055F981AFC94EF003851E0 /* UIView+changeAnchor.m */,
				93FA22171AD3D39F00E23960 /* UIView+ScreenShot.h */,
				93FA22181AD3D39F00E23960 /* UIView+ScreenShot.m */,
				93FA221B1AD3D3E500E23960 /* UIView+frameHelper.h */,
				93FA221C1AD3D3E500E23960 /* UIView+frameHelper.m */,
			);
			name = UIView;
			sourceTree = "<group>";
		};
		93FA22101AD3D30700E23960 /* category */ = {
			isa = PBXGroup;
			children = (
				930AE4431AEF4DA100BA9B51 /* UITableView */,
				93D738131AD54E4C00352D51 /* NSString */,
				93FA220F1AD3D2F000E23960 /* UIView */,
				93F13B821ACFEBAC000DA503 /* UIImage */,
			);
			name = category;
			sourceTree = "<group>";
		};
/* End PBXGroup section */

/* Begin PBXNativeTarget section */
		93C879551AB8135200530718 /* PLUnit */ = {
			isa = PBXNativeTarget;
			buildConfigurationList = 93C879791AB8135200530718 /* Build configuration list for PBXNativeTarget "PLUnit" */;
			buildPhases = (
				93C879521AB8135200530718 /* Sources */,
				93C879531AB8135200530718 /* Frameworks */,
				93C879541AB8135200530718 /* Resources */,
			);
			buildRules = (
			);
			dependencies = (
			);
			name = PLUnit;
			productName = PLUnit;
			productReference = 93C879561AB8135200530718 /* PLUnit.app */;
			productType = "com.apple.product-type.application";
		};
		93C8796E1AB8135200530718 /* PLUnitTests */ = {
			isa = PBXNativeTarget;
			buildConfigurationList = 93C8797C1AB8135200530718 /* Build configuration list for PBXNativeTarget "PLUnitTests" */;
			buildPhases = (
				93C8796B1AB8135200530718 /* Sources */,
				93C8796C1AB8135200530718 /* Frameworks */,
				93C8796D1AB8135200530718 /* Resources */,
			);
			buildRules = (
			);
			dependencies = (
				93C879711AB8135200530718 /* PBXTargetDependency */,
			);
			name = PLUnitTests;
			productName = PLUnitTests;
			productReference = 93C8796F1AB8135200530718 /* PLUnitTests.xctest */;
			productType = "com.apple.product-type.bundle.unit-test";
		};
/* End PBXNativeTarget section */

/* Begin PBXProject section */
		93C8794E1AB8135200530718 /* Project object */ = {
			isa = PBXProject;
			attributes = {
				LastUpgradeCheck = 0610;
				ORGANIZATIONNAME = "liu poolo";
				TargetAttributes = {
					93C879551AB8135200530718 = {
						CreatedOnToolsVersion = 6.1.1;
					};
					93C8796E1AB8135200530718 = {
						CreatedOnToolsVersion = 6.1.1;
						TestTargetID = 93C879551AB8135200530718;
					};
				};
			};
			buildConfigurationList = 93C879511AB8135200530718 /* Build configuration list for PBXProject "PLUnit" */;
			compatibilityVersion = "Xcode 3.2";
			developmentRegion = English;
			hasScannedForEncodings = 0;
			knownRegions = (
				en,
				Base,
			);
			mainGroup = 93C8794D1AB8135200530718;
			productRefGroup = 93C879571AB8135200530718 /* Products */;
			projectDirPath = "";
			projectRoot = "";
			targets = (
				93C879551AB8135200530718 /* PLUnit */,
				93C8796E1AB8135200530718 /* PLUnitTests */,
			);
		};
/* End PBXProject section */

/* Begin PBXResourcesBuildPhase section */
		93C879541AB8135200530718 /* Resources */ = {
			isa = PBXResourcesBuildPhase;
			buildActionMask = 2147483647;
			files = (
				93C879651AB8135200530718 /* Main.storyboard in Resources */,
				93C8796A1AB8135200530718 /* LaunchScreen.xib in Resources */,
				93C879671AB8135200530718 /* Images.xcassets in Resources */,
				93A40FE91B11A75B0002F24A /* PLLPushHandlerWindow.xib in Resources */,
			);
			runOnlyForDeploymentPostprocessing = 0;
		};
		93C8796D1AB8135200530718 /* Resources */ = {
			isa = PBXResourcesBuildPhase;
			buildActionMask = 2147483647;
			files = (
			);
			runOnlyForDeploymentPostprocessing = 0;
		};
/* End PBXResourcesBuildPhase section */

/* Begin PBXSourcesBuildPhase section */
		93C879521AB8135200530718 /* Sources */ = {
			isa = PBXSourcesBuildPhase;
			buildActionMask = 2147483647;
			files = (
				93C879621AB8135200530718 /* ViewController.m in Sources */,
				93C879951AB8144F00530718 /* PLWelcomeVC.m in Sources */,
				93C879921AB8144F00530718 /* PLLCircleImageView.m in Sources */,
				93FA22161AD3D35B00E23960 /* UIImage+WattImageFromUIColor.m in Sources */,
				93FA22191AD3D39F00E23960 /* UIView+ScreenShot.m in Sources */,
				93055F991AFC94EF003851E0 /* UIView+changeAnchor.m in Sources */,
				93666D161B18F5260071B922 /* PLLVCConverAnimatedDelegate.m in Sources */,
				93C8795F1AB8135200530718 /* AppDelegate.m in Sources */,
				93D738191AD54E5800352D51 /* NSString+SHA.m in Sources */,
				93D738181AD54E5800352D51 /* NSString+MD5.m in Sources */,
				93A40FDE1B119AAA0002F24A /* PLLPushHandlerManager.m in Sources */,
				93FA221D1AD3D3E500E23960 /* UIView+frameHelper.m in Sources */,
				930AE4461AEF4DB500BA9B51 /* UITableView+pageDisplay.m in Sources */,
				93C879851AB8144800530718 /* NSObject+Reflection.m in Sources */,
				93349A821AF6596000387A1D /* PHHPageControlModel.m in Sources */,
				93C879941AB8144F00530718 /* PLPageScrollView.m in Sources */,
				93C879931AB8144F00530718 /* PLLCircleProgressView.m in Sources */,
				93C8795C1AB8135200530718 /* main.m in Sources */,
			);
			runOnlyForDeploymentPostprocessing = 0;
		};
		93C8796B1AB8135200530718 /* Sources */ = {
			isa = PBXSourcesBuildPhase;
			buildActionMask = 2147483647;
			files = (
				93C879761AB8135200530718 /* PLUnitTests.m in Sources */,
			);
			runOnlyForDeploymentPostprocessing = 0;
		};
/* End PBXSourcesBuildPhase section */

/* Begin PBXTargetDependency section */
		93C879711AB8135200530718 /* PBXTargetDependency */ = {
			isa = PBXTargetDependency;
			target = 93C879551AB8135200530718 /* PLUnit */;
			targetProxy = 93C879701AB8135200530718 /* PBXContainerItemProxy */;
		};
/* End PBXTargetDependency section */

/* Begin PBXVariantGroup section */
		93C879631AB8135200530718 /* Main.storyboard */ = {
			isa = PBXVariantGroup;
			children = (
				93C879641AB8135200530718 /* Base */,
			);
			name = Main.storyboard;
			sourceTree = "<group>";
		};
		93C879681AB8135200530718 /* LaunchScreen.xib */ = {
			isa = PBXVariantGroup;
			children = (
				93C879691AB8135200530718 /* Base */,
			);
			name = LaunchScreen.xib;
			sourceTree = "<group>";
		};
/* End PBXVariantGroup section */

/* Begin XCBuildConfiguration section */
		93C879771AB8135200530718 /* Debug */ = {
			isa = XCBuildConfiguration;
			buildSettings = {
				ALWAYS_SEARCH_USER_PATHS = NO;
				CLANG_CXX_LANGUAGE_STANDARD = "gnu++0x";
				CLANG_CXX_LIBRARY = "libc++";
				CLANG_ENABLE_MODULES = YES;
				CLANG_ENABLE_OBJC_ARC = YES;
				CLANG_WARN_BOOL_CONVERSION = YES;
				CLANG_WARN_CONSTANT_CONVERSION = YES;
				CLANG_WARN_DIRECT_OBJC_ISA_USAGE = YES_ERROR;
				CLANG_WARN_EMPTY_BODY = YES;
				CLANG_WARN_ENUM_CONVERSION = YES;
				CLANG_WARN_INT_CONVERSION = YES;
				CLANG_WARN_OBJC_ROOT_CLASS = YES_ERROR;
				CLANG_WARN_UNREACHABLE_CODE = YES;
				CLANG_WARN__DUPLICATE_METHOD_MATCH = YES;
				"CODE_SIGN_IDENTITY[sdk=iphoneos*]" = "iPhone Developer";
				COPY_PHASE_STRIP = NO;
				ENABLE_STRICT_OBJC_MSGSEND = YES;
				GCC_C_LANGUAGE_STANDARD = gnu99;
				GCC_DYNAMIC_NO_PIC = NO;
				GCC_OPTIMIZATION_LEVEL = 0;
				GCC_PREPROCESSOR_DEFINITIONS = (
					"DEBUG=1",
					"$(inherited)",
				);
				GCC_SYMBOLS_PRIVATE_EXTERN = NO;
				GCC_WARN_64_TO_32_BIT_CONVERSION = YES;
				GCC_WARN_ABOUT_RETURN_TYPE = YES_ERROR;
				GCC_WARN_UNDECLARED_SELECTOR = YES;
				GCC_WARN_UNINITIALIZED_AUTOS = YES_AGGRESSIVE;
				GCC_WARN_UNUSED_FUNCTION = YES;
				GCC_WARN_UNUSED_VARIABLE = YES;
				IPHONEOS_DEPLOYMENT_TARGET = 8.1;
				MTL_ENABLE_DEBUG_INFO = YES;
				ONLY_ACTIVE_ARCH = YES;
				SDKROOT = iphoneos;
				TARGETED_DEVICE_FAMILY = "1,2";
			};
			name = Debug;
		};
		93C879781AB8135200530718 /* Release */ = {
			isa = XCBuildConfiguration;
			buildSettings = {
				ALWAYS_SEARCH_USER_PATHS = NO;
				CLANG_CXX_LANGUAGE_STANDARD = "gnu++0x";
				CLANG_CXX_LIBRARY = "libc++";
				CLANG_ENABLE_MODULES = YES;
				CLANG_ENABLE_OBJC_ARC = YES;
				CLANG_WARN_BOOL_CONVERSION = YES;
				CLANG_WARN_CONSTANT_CONVERSION = YES;
				CLANG_WARN_DIRECT_OBJC_ISA_USAGE = YES_ERROR;
				CLANG_WARN_EMPTY_BODY = YES;
				CLANG_WARN_ENUM_CONVERSION = YES;
				CLANG_WARN_INT_CONVERSION = YES;
				CLANG_WARN_OBJC_ROOT_CLASS = YES_ERROR;
				CLANG_WARN_UNREACHABLE_CODE = YES;
				CLANG_WARN__DUPLICATE_METHOD_MATCH = YES;
				"CODE_SIGN_IDENTITY[sdk=iphoneos*]" = "iPhone Developer";
				COPY_PHASE_STRIP = YES;
				ENABLE_NS_ASSERTIONS = NO;
				ENABLE_STRICT_OBJC_MSGSEND = YES;
				GCC_C_LANGUAGE_STANDARD = gnu99;
				GCC_WARN_64_TO_32_BIT_CONVERSION = YES;
				GCC_WARN_ABOUT_RETURN_TYPE = YES_ERROR;
				GCC_WARN_UNDECLARED_SELECTOR = YES;
				GCC_WARN_UNINITIALIZED_AUTOS = YES_AGGRESSIVE;
				GCC_WARN_UNUSED_FUNCTION = YES;
				GCC_WARN_UNUSED_VARIABLE = YES;
				IPHONEOS_DEPLOYMENT_TARGET = 8.1;
				MTL_ENABLE_DEBUG_INFO = NO;
				SDKROOT = iphoneos;
				TARGETED_DEVICE_FAMILY = "1,2";
				VALIDATE_PRODUCT = YES;
			};
			name = Release;
		};
		93C8797A1AB8135200530718 /* Debug */ = {
			isa = XCBuildConfiguration;
			buildSettings = {
				ASSETCATALOG_COMPILER_APPICON_NAME = AppIcon;
				INFOPLIST_FILE = PLUnit/Info.plist;
				LD_RUNPATH_SEARCH_PATHS = "$(inherited) @executable_path/Frameworks";
				PRODUCT_NAME = "$(TARGET_NAME)";
			};
			name = Debug;
		};
		93C8797B1AB8135200530718 /* Release */ = {
			isa = XCBuildConfiguration;
			buildSettings = {
				ASSETCATALOG_COMPILER_APPICON_NAME = AppIcon;
				INFOPLIST_FILE = PLUnit/Info.plist;
				LD_RUNPATH_SEARCH_PATHS = "$(inherited) @executable_path/Frameworks";
				PRODUCT_NAME = "$(TARGET_NAME)";
			};
			name = Release;
		};
		93C8797D1AB8135200530718 /* Debug */ = {
			isa = XCBuildConfiguration;
			buildSettings = {
				BUNDLE_LOADER = "$(TEST_HOST)";
				FRAMEWORK_SEARCH_PATHS = (
					"$(SDKROOT)/Developer/Library/Frameworks",
					"$(inherited)",
				);
				GCC_PREPROCESSOR_DEFINITIONS = (
					"DEBUG=1",
					"$(inherited)",
				);
				INFOPLIST_FILE = PLUnitTests/Info.plist;
				LD_RUNPATH_SEARCH_PATHS = "$(inherited) @executable_path/Frameworks @loader_path/Frameworks";
				PRODUCT_NAME = "$(TARGET_NAME)";
				TEST_HOST = "$(BUILT_PRODUCTS_DIR)/PLUnit.app/PLUnit";
			};
			name = Debug;
		};
		93C8797E1AB8135200530718 /* Release */ = {
			isa = XCBuildConfiguration;
			buildSettings = {
				BUNDLE_LOADER = "$(TEST_HOST)";
				FRAMEWORK_SEARCH_PATHS = (
					"$(SDKROOT)/Developer/Library/Frameworks",
					"$(inherited)",
				);
				INFOPLIST_FILE = PLUnitTests/Info.plist;
				LD_RUNPATH_SEARCH_PATHS = "$(inherited) @executable_path/Frameworks @loader_path/Frameworks";
				PRODUCT_NAME = "$(TARGET_NAME)";
				TEST_HOST = "$(BUILT_PRODUCTS_DIR)/PLUnit.app/PLUnit";
			};
			name = Release;
		};
/* End XCBuildConfiguration section */

/* Begin XCConfigurationList section */
		93C879511AB8135200530718 /* Build configuration list for PBXProject "PLUnit" */ = {
			isa = XCConfigurationList;
			buildConfigurations = (
				93C879771AB8135200530718 /* Debug */,
				93C879781AB8135200530718 /* Release */,
			);
			defaultConfigurationIsVisible = 0;
			defaultConfigurationName = Release;
		};
		93C879791AB8135200530718 /* Build configuration list for PBXNativeTarget "PLUnit" */ = {
			isa = XCConfigurationList;
			buildConfigurations = (
				93C8797A1AB8135200530718 /* Debug */,
				93C8797B1AB8135200530718 /* Release */,
			);
			defaultConfigurationIsVisible = 0;
			defaultConfigurationName = Release;
		};
		93C8797C1AB8135200530718 /* Build configuration list for PBXNativeTarget "PLUnitTests" */ = {
			isa = XCConfigurationList;
			buildConfigurations = (
				93C8797D1AB8135200530718 /* Debug */,
				93C8797E1AB8135200530718 /* Release */,
			);
			defaultConfigurationIsVisible = 0;
			defaultConfigurationName = Release;
		};
/* End XCConfigurationList section */
	};
	rootObject = 93C8794E1AB8135200530718 /* Project object */;
}
